
Microsoft Visual Studio Solution File, Format Version 12.00
# Visual Studio 15
VisualStudioVersion = 15.0.28307.271
MinimumVisualStudioVersion = 10.0.40219.1
Project("{9092AA53-FB77-4645-B42D-1CCCA6BD08BD}") = "mc-js", "mc-js\mc-js.njsproj", "{2A14CB36-781F-4852-81F7-0648A458F5ED}"
EndProject
Global
	GlobalSection(SolutionConfigurationPlatforms) = preSolution
		Debug|Any CPU = Debug|Any CPU
		Release|Any CPU = Release|Any CPU
	EndGlobalSection
	GlobalSection(ProjectConfigurationPlatforms) = postSolution
		{2A14CB36-781F-4852-81F7-0648A458F5ED}.Debug|Any CPU.ActiveCfg = Debug|Any CPU
		{2A14CB36-781F-4852-81F7-0648A458F5ED}.Debug|Any CPU.Build.0 = Debug|Any CPU
		{2A14CB36-781F-4852-81F7-0648A458F5ED}.Release|Any CPU.ActiveCfg = Release|Any CPU
		{2A14CB36-781F-4852-81F7-0648A458F5ED}.Release|Any CPU.Build.0 = Release|Any CPU
	EndGlobalSection
	GlobalSection(SolutionProperties) = preSolution
		HideSolutionNode = FALSE
	EndGlobalSection
	GlobalSection(ExtensibilityGlobals) = postSolution
		SolutionGuid = {292B1F3F-9678-416E-8329-ABD657DCE73D}
	EndGlobalSection
EndGlobal
